{
    "name": "eric-vector",
    "version": ".8",
    "lockfileVersion": 2,
    "requires": true,
    "packages": {
        "": {
            "name": "eric-vector",
            "version": ".8",
            "license": "MIT",
            "engines": {
                "node": ">=6.0.0"
            }
        }
    }
}
